
Microsoft Visual Studio Solution File, Format Version 12.00
# Visual Studio Version 17
VisualStudioVersion = 17.3.32901.215
MinimumVisualStudioVersion = 10.0.40219.1
Project("{FAE04EC0-301F-11D3-BF4B-00C04F79EFBC}") = "MyCompany", "MyCompany\MyCompany.csproj", "{4F846AC5-C7EE-4B13-93F9-1339D8215D91}"
EndProject
Global
	GlobalSection(SolutionConfigurationPlatforms) = preSolution
		Debug|Any CPU = Debug|Any CPU
		Release|Any CPU = Release|Any CPU
	EndGlobalSection
	GlobalSection(ProjectConfigurationPlatforms) = postSolution
		{4F846AC5-C7EE-4B13-93F9-1339D8215D91}.Debug|Any CPU.ActiveCfg = Debug|Any CPU
		{4F846AC5-C7EE-4B13-93F9-1339D8215D91}.Debug|Any CPU.Build.0 = Debug|Any CPU
		{4F846AC5-C7EE-4B13-93F9-1339D8215D91}.Release|Any CPU.ActiveCfg = Release|Any CPU
		{4F846AC5-C7EE-4B13-93F9-1339D8215D91}.Release|Any CPU.Build.0 = Release|Any CPU
	EndGlobalSection
	GlobalSection(SolutionProperties) = preSolution
		HideSolutionNode = FALSE
	EndGlobalSection
	GlobalSection(ExtensibilityGlobals) = postSolution
		SolutionGuid = {7D8D860B-3D60-4EFA-A10E-4C974885B18A}
	EndGlobalSection
EndGlobal
